
Microsoft Visual Studio Solution File, Format Version 12.00
# Visual Studio Version 17
VisualStudioVersion = 17.4.33205.214
MinimumVisualStudioVersion = 10.0.40219.1
Project("{FAE04EC0-301F-11D3-BF4B-00C04F79EFBC}") = "Concurrency.AvoidLostUpdate", "Concurrency.AvoidLostUpdate\Concurrency.AvoidLostUpdate.csproj", "{ED5CC2F9-1264-4FD0-B3CE-B99A675B6AF2}"
EndProject
Project("{FAE04EC0-301F-11D3-BF4B-00C04F79EFBC}") = "Concurrency.CheckAndReduceStock", "Concurrency.CheckAndReduceStock\Concurrency.CheckAndReduceStock.csproj", "{D93DC6AF-AFDD-4E61-9813-7923188653C9}"
EndProject
Project("{FAE04EC0-301F-11D3-BF4B-00C04F79EFBC}") = "Concurrency.AvoidDuplicateBookings", "Concurrency.AvoidDuplicateBookings\Concurrency.AvoidDuplicateBookings.csproj", "{0723CCA3-F15E-4C2C-9629-71573C99802E}"
EndProject
Global
	GlobalSection(SolutionConfigurationPlatforms) = preSolution
		Debug|Any CPU = Debug|Any CPU
		Release|Any CPU = Release|Any CPU
	EndGlobalSection
	GlobalSection(ProjectConfigurationPlatforms) = postSolution
		{ED5CC2F9-1264-4FD0-B3CE-B99A675B6AF2}.Debug|Any CPU.ActiveCfg = Debug|Any CPU
		{ED5CC2F9-1264-4FD0-B3CE-B99A675B6AF2}.Debug|Any CPU.Build.0 = Debug|Any CPU
		{ED5CC2F9-1264-4FD0-B3CE-B99A675B6AF2}.Release|Any CPU.ActiveCfg = Release|Any CPU
		{ED5CC2F9-1264-4FD0-B3CE-B99A675B6AF2}.Release|Any CPU.Build.0 = Release|Any CPU
		{D93DC6AF-AFDD-4E61-9813-7923188653C9}.Debug|Any CPU.ActiveCfg = Debug|Any CPU
		{D93DC6AF-AFDD-4E61-9813-7923188653C9}.Debug|Any CPU.Build.0 = Debug|Any CPU
		{D93DC6AF-AFDD-4E61-9813-7923188653C9}.Release|Any CPU.ActiveCfg = Release|Any CPU
		{D93DC6AF-AFDD-4E61-9813-7923188653C9}.Release|Any CPU.Build.0 = Release|Any CPU
		{0723CCA3-F15E-4C2C-9629-71573C99802E}.Debug|Any CPU.ActiveCfg = Debug|Any CPU
		{0723CCA3-F15E-4C2C-9629-71573C99802E}.Debug|Any CPU.Build.0 = Debug|Any CPU
		{0723CCA3-F15E-4C2C-9629-71573C99802E}.Release|Any CPU.ActiveCfg = Release|Any CPU
		{0723CCA3-F15E-4C2C-9629-71573C99802E}.Release|Any CPU.Build.0 = Release|Any CPU
	EndGlobalSection
	GlobalSection(SolutionProperties) = preSolution
		HideSolutionNode = FALSE
	EndGlobalSection
	GlobalSection(ExtensibilityGlobals) = postSolution
		SolutionGuid = {DB5A0688-071D-4D02-BA2A-8E1E3397AE17}
	EndGlobalSection
EndGlobal
